
Microsoft Visual Studio Solution File, Format Version 12.00
# Visual Studio Version 16
VisualStudioVersion = 16.0.29613.14
MinimumVisualStudioVersion = 10.0.40219.1
Project("{FAE04EC0-301F-11D3-BF4B-00C04F79EFBC}") = "WindowsFormsApp1", "WindowsFormsApp1\WindowsFormsApp1.csproj", "{C10F142D-487F-4D0A-89A1-42C54CC11124}"
EndProject
Project("{2150E333-8FDC-42A3-9474-1A3956D46DE8}") = "Lib", "Lib", "{4093D24B-651A-4833-B4D9-AC61E04934CA}"
	ProjectSection(SolutionItems) = preProject
		Lib\aossdkrad.dll = Lib\aossdkrad.dll
		Lib\asplnchr.exe = Lib\asplnchr.exe
		Lib\astxmanager.dll = Lib\astxmanager.dll
		Lib\default.lic = Lib\default.lic
		Lib\inicore_v2.3.32.dll = Lib\inicore_v2.3.32.dll
		Lib\inicore_v2.3.42.dll = Lib\inicore_v2.3.42.dll
		Lib\inicrypto20.dll = Lib\inicrypto20.dll
		Lib\inicrypto_v5.1.9.dll = Lib\inicrypto_v5.1.9.dll
		Lib\inicrypto_v5.1.dll = Lib\inicrypto_v5.1.dll
		Lib\inipki_v5.1.33.dll = Lib\inipki_v5.1.33.dll
		Lib\inipki_v5.1.40.dll = Lib\inipki_v5.1.40.dll
		Lib\inisafenet_v7.2.dll = Lib\inisafenet_v7.2.dll
		Lib\inisafetoolset.lic = Lib\inisafetoolset.lic
		Lib\inisafetoolset_v1.2.2.dll = Lib\inisafetoolset_v1.2.2.dll
		Lib\kdfapi2.dll = Lib\kdfapi2.dll
		Lib\kdfinj.dll = Lib\kdfinj.dll
		Lib\khcrypt.dll = Lib\khcrypt.dll
		Lib\khcryptcore.dll = Lib\khcryptcore.dll
		Lib\khcryptex.dll = Lib\khcryptex.dll
		Lib\KHOpenAPI.ocx = Lib\KHOpenAPI.ocx
		Lib\koa_devguide.xml = Lib\koa_devguide.xml
		Lib\koascreentrmap.ini = Lib\koascreentrmap.ini
		Lib\koatrinputlegend.ini = Lib\koatrinputlegend.ini
		Lib\librsadlx.dll = Lib\librsadlx.dll
		Lib\mfc100.dll = Lib\mfc100.dll
		Lib\mfc110.dll = Lib\mfc110.dll
		Lib\mfc40.dll = Lib\mfc40.dll
		Lib\msvcp100.dll = Lib\msvcp100.dll
		Lib\msvcp110.dll = Lib\msvcp110.dll
		Lib\MSVCP60.DLL = Lib\MSVCP60.DLL
		Lib\msvcr100.dll = Lib\msvcr100.dll
		Lib\msvcr110.dll = Lib\msvcr110.dll
		Lib\msvcrt.dll = Lib\msvcrt.dll
		Lib\npcopycheck.exe = Lib\npcopycheck.exe
		Lib\npcopyv.exe = Lib\npcopyv.exe
		Lib\npcopyx.exe = Lib\npcopyx.exe
		Lib\npdownv.exe = Lib\npdownv.exe
		Lib\npdownx.exe = Lib\npdownx.exe
		Lib\npe55kb.npn = Lib\npe55kb.npn
		Lib\npenkapp5policy_kiwoomcs.xml = Lib\npenkapp5policy_kiwoomcs.xml
		Lib\npenkappinstall5.dll = Lib\npenkappinstall5.dll
		Lib\npenkappinstall5message.xml = Lib\npenkappinstall5message.xml
		Lib\npeutilex.dll = Lib\npeutilex.dll
		Lib\npn5htslauncher.exe = Lib\npn5htslauncher.exe
		Lib\npn5htsstart.exe = Lib\npn5htsstart.exe
		Lib\npn5uninst.exe = Lib\npn5uninst.exe
		Lib\npn_kiwoom.conf = Lib\npn_kiwoom.conf
		Lib\npn_kor.lng = Lib\npn_kor.lng
		Lib\npnj5agent.exe = Lib\npnj5agent.exe
		Lib\npnuninst.exe = Lib\npnuninst.exe
		Lib\npnv_kiwoom.conf = Lib\npnv_kiwoom.conf
		Lib\npnx.dll = Lib\npnx.dll
		Lib\npstarterctrl.dll = Lib\npstarterctrl.dll
		Lib\npstartersvc.exe = Lib\npstartersvc.exe
		Lib\nsldap32v11.dll = Lib\nsldap32v11.dll
		Lib\OPCommApi.dll = Lib\OPCommApi.dll
		Lib\OPComms.dll = Lib\OPComms.dll
		Lib\opstarter.exe = Lib\opstarter.exe
		Lib\OPVersionUp.exe = Lib\OPVersionUp.exe
		Lib\signksc.dll = Lib\signksc.dll
		Lib\skcomdcm.dll = Lib\skcomdcm.dll
		Lib\skcomdem.dll = Lib\skcomdem.dll
		Lib\skcomdif.dll = Lib\skcomdif.dll
		Lib\skcomdsc.dll = Lib\skcomdsc.dll
		Lib\SKCommAD.dll = Lib\SKCommAD.dll
		Lib\skcommcm.dll = Lib\skcommcm.dll
		Lib\skcommem.dll = Lib\skcommem.dll
		Lib\skcommic.dll = Lib\skcommic.dll
		Lib\skcommif.dll = Lib\skcommif.dll
		Lib\SKCommJV.dll = Lib\SKCommJV.dll
		Lib\skcommsc.dll = Lib\skcommsc.dll
		Lib\SKCommTM.exe = Lib\SKCommTM.exe
		Lib\skcommwb.exe = Lib\skcommwb.exe
		Lib\skmagerapi.dll = Lib\skmagerapi.dll
		Lib\SKSessionDLL.dll = Lib\SKSessionDLL.dll
		Lib\skSmartCard32.dll = Lib\skSmartCard32.dll
		Lib\SKUSBKey.dll = Lib\SKUSBKey.dll
		Lib\stsdkex.dll = Lib\stsdkex.dll
		Lib\UNZDLL.DLL = Lib\UNZDLL.DLL
		Lib\ZIPDLL.DLL = Lib\ZIPDLL.DLL
	EndProjectSection
EndProject
Project("{2150E333-8FDC-42A3-9474-1A3956D46DE8}") = "Manifests", "Manifests", "{B5D84486-2E99-46DC-BDEC-FAF879995EC4}"
	ProjectSection(SolutionItems) = preProject
		Manifests\import_lib.bat = Manifests\import_lib.bat
		Manifests\Interop.KHOpenAPILib.dll = Manifests\Interop.KHOpenAPILib.dll
		Manifests\KHOpenAPI.ocx.manifest = Manifests\KHOpenAPI.ocx.manifest
		Manifests\WindowsFormsApp1.exe.manifest = Manifests\WindowsFormsApp1.exe.manifest
	EndProjectSection
EndProject
Project("{2150E333-8FDC-42A3-9474-1A3956D46DE8}") = "data", "data", "{12443536-A016-4E38-8512-9E730926B83D}"
	ProjectSection(SolutionItems) = preProject
		Lib\data\cacode.dat = Lib\data\cacode.dat
		Lib\data\ceuc&pi.dat = Lib\data\ceuc&pi.dat
		Lib\data\cfcode.dat = Lib\data\cfcode.dat
		Lib\data\cgcode.dat = Lib\data\cgcode.dat
		Lib\data\chcode.dat = Lib\data\chcode.dat
		Lib\data\cicode.dat = Lib\data\cicode.dat
		Lib\data\cjcode.dat = Lib\data\cjcode.dat
		Lib\data\cocode.dat = Lib\data\cocode.dat
		Lib\data\cocode_sf.dat = Lib\data\cocode_sf.dat
		Lib\data\cucode.dat = Lib\data\cucode.dat
		Lib\data\efcode.dat = Lib\data\efcode.dat
		Lib\data\elcode.dat = Lib\data\elcode.dat
		Lib\data\elcode_m.dat = Lib\data\elcode_m.dat
		Lib\data\ewcode.dat = Lib\data\ewcode.dat
		Lib\data\facode.dat = Lib\data\facode.dat
		Lib\data\fjcode.dat = Lib\data\fjcode.dat
		Lib\data\fmcode.dat = Lib\data\fmcode.dat
		Lib\data\frcode.dat = Lib\data\frcode.dat
		Lib\data\ftcode.dat = Lib\data\ftcode.dat
		Lib\data\fucode.dat = Lib\data\fucode.dat
		Lib\data\gpcode.dat = Lib\data\gpcode.dat
		Lib\data\gpcode_n.dat = Lib\data\gpcode_n.dat
		Lib\data\gpcode_s.dat = Lib\data\gpcode_s.dat
		Lib\data\hicode.dat = Lib\data\hicode.dat
		Lib\data\hjcode.dat = Lib\data\hjcode.dat
		Lib\data\hjcode_m.dat = Lib\data\hjcode_m.dat
		Lib\data\hjcodee_m.dat = Lib\data\hjcodee_m.dat
		Lib\data\hjcodej_m.dat = Lib\data\hjcodej_m.dat
		Lib\data\hkcode.dat = Lib\data\hkcode.dat
		Lib\data\infotm.dat = Lib\data\infotm.dat
		Lib\data\jicode.dat = Lib\data\jicode.dat
		Lib\data\jpcode.dat = Lib\data\jpcode.dat
		Lib\data\mopcode.dat = Lib\data\mopcode.dat
		Lib\data\nkrealtime.dat = Lib\data\nkrealtime.dat
		Lib\data\opcode.dat = Lib\data\opcode.dat
		Lib\data\opcode_sf.dat = Lib\data\opcode_sf.dat
		Lib\data\opt10001.enc = Lib\data\opt10001.enc
		Lib\data\OPT10002.enc = Lib\data\OPT10002.enc
		Lib\data\opt10003.enc = Lib\data\opt10003.enc
		Lib\data\opt10004.enc = Lib\data\opt10004.enc
		Lib\data\OPT10005.enc = Lib\data\OPT10005.enc
		Lib\data\OPT10006.enc = Lib\data\OPT10006.enc
		Lib\data\opt10007.enc = Lib\data\opt10007.enc
		Lib\data\opt10008.enc = Lib\data\opt10008.enc
		Lib\data\OPT10009.enc = Lib\data\OPT10009.enc
		Lib\data\OPT10010.enc = Lib\data\OPT10010.enc
		Lib\data\opt10012.enc = Lib\data\opt10012.enc
		Lib\data\OPT10013.enc = Lib\data\OPT10013.enc
		Lib\data\opt10014.enc = Lib\data\opt10014.enc
		Lib\data\OPT10015.enc = Lib\data\OPT10015.enc
		Lib\data\OPT10016.enc = Lib\data\OPT10016.enc
		Lib\data\OPT10017.enc = Lib\data\OPT10017.enc
		Lib\data\OPT10018.enc = Lib\data\OPT10018.enc
		Lib\data\OPT10019.enc = Lib\data\OPT10019.enc
		Lib\data\OPT10020.enc = Lib\data\OPT10020.enc
		Lib\data\OPT10021.enc = Lib\data\OPT10021.enc
		Lib\data\OPT10022.enc = Lib\data\OPT10022.enc
		Lib\data\OPT10023.enc = Lib\data\OPT10023.enc
		Lib\data\OPT10024.enc = Lib\data\OPT10024.enc
		Lib\data\OPT10025.enc = Lib\data\OPT10025.enc
		Lib\data\opt10026.enc = Lib\data\opt10026.enc
		Lib\data\opt10027.enc = Lib\data\opt10027.enc
		Lib\data\opt10028.enc = Lib\data\opt10028.enc
		Lib\data\OPT10029.enc = Lib\data\OPT10029.enc
		Lib\data\OPT10030.enc = Lib\data\OPT10030.enc
		Lib\data\OPT10031.enc = Lib\data\OPT10031.enc
		Lib\data\OPT10032.enc = Lib\data\OPT10032.enc
		Lib\data\OPT10033.enc = Lib\data\OPT10033.enc
		Lib\data\OPT10034.enc = Lib\data\OPT10034.enc
		Lib\data\OPT10035.enc = Lib\data\OPT10035.enc
		Lib\data\OPT10036.enc = Lib\data\OPT10036.enc
		Lib\data\OPT10037.enc = Lib\data\OPT10037.enc
		Lib\data\OPT10038.enc = Lib\data\OPT10038.enc
		Lib\data\OPT10039.enc = Lib\data\OPT10039.enc
		Lib\data\opt10040.enc = Lib\data\opt10040.enc
		Lib\data\opt10041.enc = Lib\data\opt10041.enc
		Lib\data\OPT10042.enc = Lib\data\OPT10042.enc
		Lib\data\OPT10043.enc = Lib\data\OPT10043.enc
		Lib\data\OPT10044.enc = Lib\data\OPT10044.enc
		Lib\data\OPT10045.enc = Lib\data\OPT10045.enc
		Lib\data\OPT10048.enc = Lib\data\OPT10048.enc
		Lib\data\OPT10049.enc = Lib\data\OPT10049.enc
		Lib\data\OPT10050.enc = Lib\data\OPT10050.enc
		Lib\data\OPT10051.enc = Lib\data\OPT10051.enc
		Lib\data\OPT10058.enc = Lib\data\OPT10058.enc
		Lib\data\OPT10059.enc = Lib\data\OPT10059.enc
		Lib\data\OPT10060.enc = Lib\data\OPT10060.enc
		Lib\data\OPT10061.enc = Lib\data\OPT10061.enc
		Lib\data\OPT10062.enc = Lib\data\OPT10062.enc
		Lib\data\opt10063.enc = Lib\data\opt10063.enc
		Lib\data\OPT10064.enc = Lib\data\OPT10064.enc
		Lib\data\OPT10065.enc = Lib\data\OPT10065.enc
		Lib\data\OPT10066.enc = Lib\data\OPT10066.enc
		Lib\data\OPT10067.enc = Lib\data\OPT10067.enc
		Lib\data\OPT10068.enc = Lib\data\OPT10068.enc
		Lib\data\OPT10069.enc = Lib\data\OPT10069.enc
		Lib\data\opt10070.enc = Lib\data\opt10070.enc
		Lib\data\OPT10071.enc = Lib\data\OPT10071.enc
		Lib\data\OPT10072.enc = Lib\data\OPT10072.enc
		Lib\data\OPT10073.enc = Lib\data\OPT10073.enc
		Lib\data\opt10074.enc = Lib\data\opt10074.enc
		Lib\data\opt10075.enc = Lib\data\opt10075.enc
		Lib\data\OPT10076.enc = Lib\data\OPT10076.enc
		Lib\data\opt10077.enc = Lib\data\opt10077.enc
		Lib\data\OPT10078.enc = Lib\data\OPT10078.enc
		Lib\data\opt10079.enc = Lib\data\opt10079.enc
		Lib\data\opt10080.enc = Lib\data\opt10080.enc
		Lib\data\opt10081.enc = Lib\data\opt10081.enc
		Lib\data\opt10082.enc = Lib\data\opt10082.enc
		Lib\data\opt10083.enc = Lib\data\opt10083.enc
		Lib\data\opt10084.enc = Lib\data\opt10084.enc
		Lib\data\opt10085.enc = Lib\data\opt10085.enc
		Lib\data\opt10086.enc = Lib\data\opt10086.enc
		Lib\data\opt10087.enc = Lib\data\opt10087.enc
		Lib\data\opt10094.enc = Lib\data\opt10094.enc
		Lib\data\opt20001.enc = Lib\data\opt20001.enc
		Lib\data\OPT20002.enc = Lib\data\OPT20002.enc
		Lib\data\opt20003.enc = Lib\data\opt20003.enc
		Lib\data\OPT20004.enc = Lib\data\OPT20004.enc
		Lib\data\OPT20005.enc = Lib\data\OPT20005.enc
		Lib\data\OPT20006.enc = Lib\data\OPT20006.enc
		Lib\data\OPT20007.enc = Lib\data\OPT20007.enc
		Lib\data\OPT20008.enc = Lib\data\OPT20008.enc
		Lib\data\opt20009.enc = Lib\data\opt20009.enc
		Lib\data\opt20019.enc = Lib\data\opt20019.enc
		Lib\data\opt20068.enc = Lib\data\opt20068.enc
		Lib\data\OPT30001.enc = Lib\data\OPT30001.enc
		Lib\data\OPT30002.enc = Lib\data\OPT30002.enc
		Lib\data\OPT30003.enc = Lib\data\OPT30003.enc
		Lib\data\OPT30004.enc = Lib\data\OPT30004.enc
		Lib\data\opt30005.enc = Lib\data\opt30005.enc
		Lib\data\opt30006.enc = Lib\data\opt30006.enc
		Lib\data\OPT30007.enc = Lib\data\OPT30007.enc
		Lib\data\OPT30008.enc = Lib\data\OPT30008.enc
		Lib\data\OPT30009.enc = Lib\data\OPT30009.enc
		Lib\data\OPT30010.enc = Lib\data\OPT30010.enc
		Lib\data\OPT30011.enc = Lib\data\OPT30011.enc
		Lib\data\OPT40001.enc = Lib\data\OPT40001.enc
		Lib\data\OPT40002.enc = Lib\data\OPT40002.enc
		Lib\data\OPT40003.enc = Lib\data\OPT40003.enc
		Lib\data\opt40004.enc = Lib\data\opt40004.enc
		Lib\data\OPT40005.enc = Lib\data\OPT40005.enc
		Lib\data\opt40006.enc = Lib\data\opt40006.enc
		Lib\data\OPT40007.enc = Lib\data\OPT40007.enc
		Lib\data\opt40008.enc = Lib\data\opt40008.enc
		Lib\data\OPT40009.enc = Lib\data\OPT40009.enc
		Lib\data\OPT40010.enc = Lib\data\OPT40010.enc
		Lib\data\opt50001.enc = Lib\data\opt50001.enc
		Lib\data\opt50002.enc = Lib\data\opt50002.enc
		Lib\data\OPT50003.enc = Lib\data\OPT50003.enc
		Lib\data\opt50004.enc = Lib\data\opt50004.enc
		Lib\data\OPT50005.enc = Lib\data\OPT50005.enc
		Lib\data\OPT50006.enc = Lib\data\OPT50006.enc
		Lib\data\opt50007.enc = Lib\data\opt50007.enc
		Lib\data\OPT50008.enc = Lib\data\OPT50008.enc
		Lib\data\OPT50009.enc = Lib\data\OPT50009.enc
		Lib\data\OPT50010.enc = Lib\data\OPT50010.enc
		Lib\data\OPT50011.enc = Lib\data\OPT50011.enc
		Lib\data\OPT50012.enc = Lib\data\OPT50012.enc
		Lib\data\OPT50013.enc = Lib\data\OPT50013.enc
		Lib\data\OPT50014.enc = Lib\data\OPT50014.enc
		Lib\data\opt50015.enc = Lib\data\opt50015.enc
		Lib\data\OPT50016.enc = Lib\data\OPT50016.enc
		Lib\data\OPT50017.enc = Lib\data\OPT50017.enc
		Lib\data\OPT50018.enc = Lib\data\OPT50018.enc
		Lib\data\OPT50019.enc = Lib\data\OPT50019.enc
		Lib\data\OPT50020.enc = Lib\data\OPT50020.enc
		Lib\data\OPT50021.enc = Lib\data\OPT50021.enc
		Lib\data\OPT50022.enc = Lib\data\OPT50022.enc
		Lib\data\opt50023.enc = Lib\data\opt50023.enc
		Lib\data\OPT50024.enc = Lib\data\OPT50024.enc
		Lib\data\OPT50025.enc = Lib\data\OPT50025.enc
		Lib\data\OPT50026.enc = Lib\data\OPT50026.enc
		Lib\data\OPT50027.enc = Lib\data\OPT50027.enc
		Lib\data\opt50028.enc = Lib\data\opt50028.enc
		Lib\data\OPT50029.enc = Lib\data\OPT50029.enc
		Lib\data\OPT50030.enc = Lib\data\OPT50030.enc
		Lib\data\OPT50031.enc = Lib\data\OPT50031.enc
		Lib\data\OPT50032.enc = Lib\data\OPT50032.enc
		Lib\data\OPT50033.enc = Lib\data\OPT50033.enc
		Lib\data\OPT50034.enc = Lib\data\OPT50034.enc
		Lib\data\OPT50035.enc = Lib\data\OPT50035.enc
		Lib\data\OPT50036.enc = Lib\data\OPT50036.enc
		Lib\data\OPT50037.enc = Lib\data\OPT50037.enc
		Lib\data\OPT50038.enc = Lib\data\OPT50038.enc
		Lib\data\OPT50039.enc = Lib\data\OPT50039.enc
		Lib\data\OPT50040.enc = Lib\data\OPT50040.enc
		Lib\data\OPT50043.enc = Lib\data\OPT50043.enc
		Lib\data\OPT50044.enc = Lib\data\OPT50044.enc
		Lib\data\opt50062.enc = Lib\data\opt50062.enc
		Lib\data\opt50063.enc = Lib\data\opt50063.enc
		Lib\data\opt50064.enc = Lib\data\opt50064.enc
		Lib\data\opt50065.enc = Lib\data\opt50065.enc
		Lib\data\opt50066.enc = Lib\data\opt50066.enc
		Lib\data\opt50067.enc = Lib\data\opt50067.enc
		Lib\data\opt50068.enc = Lib\data\opt50068.enc
		Lib\data\opt50071.enc = Lib\data\opt50071.enc
		Lib\data\opt50072.enc = Lib\data\opt50072.enc
		Lib\data\opt50073.enc = Lib\data\opt50073.enc
		Lib\data\OPT90001.enc = Lib\data\OPT90001.enc
		Lib\data\opt90002.enc = Lib\data\opt90002.enc
		Lib\data\opt90003.enc = Lib\data\opt90003.enc
		Lib\data\OPT90004.enc = Lib\data\OPT90004.enc
		Lib\data\OPT90005.enc = Lib\data\OPT90005.enc
		Lib\data\OPT90006.enc = Lib\data\OPT90006.enc
		Lib\data\OPT90007.enc = Lib\data\OPT90007.enc
		Lib\data\opt90008.enc = Lib\data\opt90008.enc
		Lib\data\opt90009.enc = Lib\data\opt90009.enc
		Lib\data\OPT90010.enc = Lib\data\OPT90010.enc
		Lib\data\opt90011.enc = Lib\data\opt90011.enc
		Lib\data\OPT90012.enc = Lib\data\OPT90012.enc
		Lib\data\opt90013.enc = Lib\data\opt90013.enc
		Lib\data\opt99999.enc = Lib\data\opt99999.enc
		Lib\data\OPTFOFID.enc = Lib\data\OPTFOFID.enc
		Lib\data\OPTKWFID.enc = Lib\data\OPTKWFID.enc
		Lib\data\OPTKWINV.enc = Lib\data\OPTKWINV.enc
		Lib\data\OPTKWPRO.enc = Lib\data\OPTKWPRO.enc
		Lib\data\opw00001.enc = Lib\data\opw00001.enc
		Lib\data\OPW00002.enc = Lib\data\OPW00002.enc
		Lib\data\OPW00003.enc = Lib\data\OPW00003.enc
		Lib\data\OPW00004.enc = Lib\data\OPW00004.enc
		Lib\data\opw00005.enc = Lib\data\opw00005.enc
		Lib\data\OPW00006.enc = Lib\data\OPW00006.enc
		Lib\data\OPW00007.enc = Lib\data\OPW00007.enc
		Lib\data\opw00008.enc = Lib\data\opw00008.enc
		Lib\data\opw00009.enc = Lib\data\opw00009.enc
		Lib\data\opw00010.enc = Lib\data\opw00010.enc
		Lib\data\opw00011.enc = Lib\data\opw00011.enc
		Lib\data\OPW00012.enc = Lib\data\OPW00012.enc
		Lib\data\opw00013.enc = Lib\data\opw00013.enc
		Lib\data\OPW00014.enc = Lib\data\OPW00014.enc
		Lib\data\OPW00015.enc = Lib\data\OPW00015.enc
		Lib\data\OPW00016.enc = Lib\data\OPW00016.enc
		Lib\data\OPW00017.enc = Lib\data\OPW00017.enc
		Lib\data\opw00018.enc = Lib\data\opw00018.enc
		Lib\data\OPW20001.enc = Lib\data\OPW20001.enc
		Lib\data\OPW20002.enc = Lib\data\OPW20002.enc
		Lib\data\opw20003.enc = Lib\data\opw20003.enc
		Lib\data\OPW20004.enc = Lib\data\OPW20004.enc
		Lib\data\OPW20005.enc = Lib\data\OPW20005.enc
		Lib\data\OPW20006.enc = Lib\data\OPW20006.enc
		Lib\data\OPW20007.enc = Lib\data\OPW20007.enc
		Lib\data\OPW20008.enc = Lib\data\OPW20008.enc
		Lib\data\opw20009.enc = Lib\data\opw20009.enc
		Lib\data\OPW20010.enc = Lib\data\OPW20010.enc
		Lib\data\OPW20011.enc = Lib\data\OPW20011.enc
		Lib\data\opw20012.enc = Lib\data\opw20012.enc
		Lib\data\OPW20013.enc = Lib\data\OPW20013.enc
		Lib\data\OPW20014.enc = Lib\data\OPW20014.enc
		Lib\data\opw20015.enc = Lib\data\opw20015.enc
		Lib\data\opw20016.enc = Lib\data\opw20016.enc
		Lib\data\opw20017.enc = Lib\data\opw20017.enc
		Lib\data\pjcode.dat = Lib\data\pjcode.dat
		Lib\data\realtime.dat = Lib\data\realtime.dat
		Lib\data\sfcode.dat = Lib\data\sfcode.dat
		Lib\data\sihwang.dat = Lib\data\sihwang.dat
		Lib\data\thcode.dat = Lib\data\thcode.dat
		Lib\data\trcode.dat = Lib\data\trcode.dat
		Lib\data\upcode.dat = Lib\data\upcode.dat
	EndProjectSection
EndProject
Project("{2150E333-8FDC-42A3-9474-1A3956D46DE8}") = "image", "image", "{6D33F1F1-C9F1-455A-B936-AD6B7245E443}"
	ProjectSection(SolutionItems) = preProject
		Lib\image\btn_cancel_d.bmp = Lib\image\btn_cancel_d.bmp
		Lib\image\btn_cancel_f.bmp = Lib\image\btn_cancel_f.bmp
		Lib\image\btn_cancel_u.bmp = Lib\image\btn_cancel_u.bmp
		Lib\image\btn_cancel_x.bmp = Lib\image\btn_cancel_x.bmp
		Lib\image\btn_check_f.bmp = Lib\image\btn_check_f.bmp
		Lib\image\btn_check_u.bmp = Lib\image\btn_check_u.bmp
		Lib\image\btn_close_d.bmp = Lib\image\btn_close_d.bmp
		Lib\image\btn_close_f.bmp = Lib\image\btn_close_f.bmp
		Lib\image\btn_close_u.bmp = Lib\image\btn_close_u.bmp
		Lib\image\btn_close_x.bmp = Lib\image\btn_close_x.bmp
		Lib\image\btn_config_d.bmp = Lib\image\btn_config_d.bmp
		Lib\image\btn_config_f.bmp = Lib\image\btn_config_f.bmp
		Lib\image\btn_config_u.bmp = Lib\image\btn_config_u.bmp
		Lib\image\btn_config_x.bmp = Lib\image\btn_config_x.bmp
		Lib\image\btn_idpw_d.bmp = Lib\image\btn_idpw_d.bmp
		Lib\image\btn_idpw_f.bmp = Lib\image\btn_idpw_f.bmp
		Lib\image\btn_idpw_u.bmp = Lib\image\btn_idpw_u.bmp
		Lib\image\btn_idpw_x.bmp = Lib\image\btn_idpw_x.bmp
		Lib\image\btn_join_d.bmp = Lib\image\btn_join_d.bmp
		Lib\image\btn_join_f.bmp = Lib\image\btn_join_f.bmp
		Lib\image\btn_join_u.bmp = Lib\image\btn_join_u.bmp
		Lib\image\btn_join_x.bmp = Lib\image\btn_join_x.bmp
		Lib\image\btn_login_d.bmp = Lib\image\btn_login_d.bmp
		Lib\image\btn_login_f.bmp = Lib\image\btn_login_f.bmp
		Lib\image\btn_login_u.bmp = Lib\image\btn_login_u.bmp
		Lib\image\btn_login_x.bmp = Lib\image\btn_login_x.bmp
		Lib\image\btn_ok_d.bmp = Lib\image\btn_ok_d.bmp
		Lib\image\btn_ok_f.bmp = Lib\image\btn_ok_f.bmp
		Lib\image\btn_ok_u.bmp = Lib\image\btn_ok_u.bmp
		Lib\image\btn_ok_x.bmp = Lib\image\btn_ok_x.bmp
		Lib\image\btn_sign_d.bmp = Lib\image\btn_sign_d.bmp
		Lib\image\btn_sign_f.bmp = Lib\image\btn_sign_f.bmp
		Lib\image\btn_sign_u.bmp = Lib\image\btn_sign_u.bmp
		Lib\image\btn_sign_x.bmp = Lib\image\btn_sign_x.bmp
		Lib\image\btn_verclose_d.bmp = Lib\image\btn_verclose_d.bmp
		Lib\image\btn_verclose_f.bmp = Lib\image\btn_verclose_f.bmp
		Lib\image\btn_verclose_u.bmp = Lib\image\btn_verclose_u.bmp
		Lib\image\btn_verclose_x.bmp = Lib\image\btn_verclose_x.bmp
		Lib\image\c_btn_ok_d.bmp = Lib\image\c_btn_ok_d.bmp
		Lib\image\c_btn_ok_f.bmp = Lib\image\c_btn_ok_f.bmp
		Lib\image\c_btn_ok_u.bmp = Lib\image\c_btn_ok_u.bmp
		Lib\image\c_btn_ok_x.bmp = Lib\image\c_btn_ok_x.bmp
		Lib\image\cert_btn_ok_d.bmp = Lib\image\cert_btn_ok_d.bmp
		Lib\image\cert_btn_ok_f.bmp = Lib\image\cert_btn_ok_f.bmp
		Lib\image\cert_btn_ok_u.bmp = Lib\image\cert_btn_ok_u.bmp
		Lib\image\cert_btn_ok_x.bmp = Lib\image\cert_btn_ok_x.bmp
		Lib\image\config_api_bg.bmp = Lib\image\config_api_bg.bmp
		Lib\image\config_apism_bg.bmp = Lib\image\config_apism_bg.bmp
		Lib\image\login_api_bg.bmp = Lib\image\login_api_bg.bmp
		Lib\image\login_apism_bg.bmp = Lib\image\login_apism_bg.bmp
		Lib\image\staff_config_api_bg.bmp = Lib\image\staff_config_api_bg.bmp
		Lib\image\staff_config_apism_bg.bmp = Lib\image\staff_config_apism_bg.bmp
		Lib\image\version_api_bg.bmp = Lib\image\version_api_bg.bmp
		Lib\image\version_apism_bg.bmp = Lib\image\version_apism_bg.bmp
	EndProjectSection
EndProject
Project("{2150E333-8FDC-42A3-9474-1A3956D46DE8}") = "log", "log", "{5EC81305-802A-442E-A76E-C3F65C6D3E9B}"
EndProject
Project("{2150E333-8FDC-42A3-9474-1A3956D46DE8}") = "system", "system", "{58205A88-3AD3-4353-8AE6-3A2DC3500E6C}"
	ProjectSection(SolutionItems) = preProject
		Lib\system\font.ini = Lib\system\font.ini
		Lib\system\html.ini = Lib\system\html.ini
		Lib\system\instalback.ini = Lib\system\instalback.ini
		Lib\system\ip_api.dat = Lib\system\ip_api.dat
		Lib\system\jongacc.dat = Lib\system\jongacc.dat
		Lib\system\koarealtime.dat = Lib\system\koarealtime.dat
		Lib\system\MultiLogin.ini = Lib\system\MultiLogin.ini
		Lib\system\nkrealtime.dat = Lib\system\nkrealtime.dat
		Lib\system\opcomms.ini = Lib\system\opcomms.ini
		Lib\system\realtime.dat = Lib\system\realtime.dat
		Lib\system\s4bboxdesc.dat = Lib\system\s4bboxdesc.dat
		Lib\system\s4treelist.dat = Lib\system\s4treelist.dat
		Lib\system\security_apply.ini = Lib\system\security_apply.ini
	EndProjectSection
EndProject
Project("{2150E333-8FDC-42A3-9474-1A3956D46DE8}") = "temp", "temp", "{5D5AE8A8-9A97-420E-8AFD-0242A3843EBE}"
EndProject
Global
	GlobalSection(SolutionConfigurationPlatforms) = preSolution
		Debug|Any CPU = Debug|Any CPU
		Release|Any CPU = Release|Any CPU
	EndGlobalSection
	GlobalSection(ProjectConfigurationPlatforms) = postSolution
		{C10F142D-487F-4D0A-89A1-42C54CC11124}.Debug|Any CPU.ActiveCfg = Debug|Any CPU
		{C10F142D-487F-4D0A-89A1-42C54CC11124}.Debug|Any CPU.Build.0 = Debug|Any CPU
		{C10F142D-487F-4D0A-89A1-42C54CC11124}.Release|Any CPU.ActiveCfg = Release|Any CPU
		{C10F142D-487F-4D0A-89A1-42C54CC11124}.Release|Any CPU.Build.0 = Release|Any CPU
	EndGlobalSection
	GlobalSection(SolutionProperties) = preSolution
		HideSolutionNode = FALSE
	EndGlobalSection
	GlobalSection(NestedProjects) = preSolution
		{12443536-A016-4E38-8512-9E730926B83D} = {4093D24B-651A-4833-B4D9-AC61E04934CA}
		{6D33F1F1-C9F1-455A-B936-AD6B7245E443} = {4093D24B-651A-4833-B4D9-AC61E04934CA}
		{5EC81305-802A-442E-A76E-C3F65C6D3E9B} = {4093D24B-651A-4833-B4D9-AC61E04934CA}
		{58205A88-3AD3-4353-8AE6-3A2DC3500E6C} = {4093D24B-651A-4833-B4D9-AC61E04934CA}
		{5D5AE8A8-9A97-420E-8AFD-0242A3843EBE} = {4093D24B-651A-4833-B4D9-AC61E04934CA}
	EndGlobalSection
	GlobalSection(ExtensibilityGlobals) = postSolution
		SolutionGuid = {0E3159B3-BE85-415A-BAC7-05B54D0BADE1}
	EndGlobalSection
EndGlobal
